
Microsoft Visual Studio Solution File, Format Version 12.00
# Visual Studio Version 16
VisualStudioVersion = 16.0.31005.135
MinimumVisualStudioVersion = 10.0.40219.1
Project("{FAE04EC0-301F-11D3-BF4B-00C04F79EFBC}") = "EShop", "EShop\EShop.csproj", "{301A473F-6EBC-47A3-A221-83721BB36601}"
EndProject
Project("{FAE04EC0-301F-11D3-BF4B-00C04F79EFBC}") = "EShop.Data", "EShop.Data\EShop.Data.csproj", "{C86F2D6B-90A3-4620-94F9-9F6202F51FB3}"
EndProject
Project("{FAE04EC0-301F-11D3-BF4B-00C04F79EFBC}") = "EShop.Business", "EShop.Business\EShop.Business.csproj", "{7D32BC7C-C72B-4AD2-BBD1-2E9F34650F26}"
EndProject
Project("{FAE04EC0-301F-11D3-BF4B-00C04F79EFBC}") = "EShop.Ninject", "EShop.Ninject\EShop.Ninject.csproj", "{99A8AA45-01A6-4F17-B03A-563B71A3D320}"
EndProject
Global
	GlobalSection(SolutionConfigurationPlatforms) = preSolution
		Debug|Any CPU = Debug|Any CPU
		Release|Any CPU = Release|Any CPU
	EndGlobalSection
	GlobalSection(ProjectConfigurationPlatforms) = postSolution
		{301A473F-6EBC-47A3-A221-83721BB36601}.Debug|Any CPU.ActiveCfg = Debug|Any CPU
		{301A473F-6EBC-47A3-A221-83721BB36601}.Debug|Any CPU.Build.0 = Debug|Any CPU
		{301A473F-6EBC-47A3-A221-83721BB36601}.Release|Any CPU.ActiveCfg = Release|Any CPU
		{301A473F-6EBC-47A3-A221-83721BB36601}.Release|Any CPU.Build.0 = Release|Any CPU
		{C86F2D6B-90A3-4620-94F9-9F6202F51FB3}.Debug|Any CPU.ActiveCfg = Debug|Any CPU
		{C86F2D6B-90A3-4620-94F9-9F6202F51FB3}.Debug|Any CPU.Build.0 = Debug|Any CPU
		{C86F2D6B-90A3-4620-94F9-9F6202F51FB3}.Release|Any CPU.ActiveCfg = Release|Any CPU
		{C86F2D6B-90A3-4620-94F9-9F6202F51FB3}.Release|Any CPU.Build.0 = Release|Any CPU
		{7D32BC7C-C72B-4AD2-BBD1-2E9F34650F26}.Debug|Any CPU.ActiveCfg = Debug|Any CPU
		{7D32BC7C-C72B-4AD2-BBD1-2E9F34650F26}.Debug|Any CPU.Build.0 = Debug|Any CPU
		{7D32BC7C-C72B-4AD2-BBD1-2E9F34650F26}.Release|Any CPU.ActiveCfg = Release|Any CPU
		{7D32BC7C-C72B-4AD2-BBD1-2E9F34650F26}.Release|Any CPU.Build.0 = Release|Any CPU
		{99A8AA45-01A6-4F17-B03A-563B71A3D320}.Debug|Any CPU.ActiveCfg = Debug|Any CPU
		{99A8AA45-01A6-4F17-B03A-563B71A3D320}.Debug|Any CPU.Build.0 = Debug|Any CPU
		{99A8AA45-01A6-4F17-B03A-563B71A3D320}.Release|Any CPU.ActiveCfg = Release|Any CPU
		{99A8AA45-01A6-4F17-B03A-563B71A3D320}.Release|Any CPU.Build.0 = Release|Any CPU
	EndGlobalSection
	GlobalSection(SolutionProperties) = preSolution
		HideSolutionNode = FALSE
	EndGlobalSection
	GlobalSection(ExtensibilityGlobals) = postSolution
		SolutionGuid = {DEC5EA5F-3F6B-4004-8369-B26425710133}
	EndGlobalSection
EndGlobal
